
Microsoft Visual Studio Solution File, Format Version 12.00
# Visual Studio Version 18
VisualStudioVersion = 18.1.11312.151
MinimumVisualStudioVersion = 10.0.40219.1
Project("{FAE04EC0-301F-11D3-BF4B-00C04F79EFBC}") = "FamilyTaskTracker", "FamilyTaskTracker.csproj", "{AB80F745-E7FF-1817-8507-934D760C0CBE}"
EndProject
Project("{54A90642-561A-4BB1-A94E-469ADEE60C69}") = "familytasktrackerclient", "FamilyTaskTrackerClient\familytasktrackerclient.esproj", "{BEE0DBCB-54A4-04F7-B8A3-58CA54954D8F}"
EndProject
Global
	GlobalSection(SolutionConfigurationPlatforms) = preSolution
		Debug|Any CPU = Debug|Any CPU
		Release|Any CPU = Release|Any CPU
	EndGlobalSection
	GlobalSection(ProjectConfigurationPlatforms) = postSolution
		{AB80F745-E7FF-1817-8507-934D760C0CBE}.Debug|Any CPU.ActiveCfg = Debug|Any CPU
		{AB80F745-E7FF-1817-8507-934D760C0CBE}.Debug|Any CPU.Build.0 = Debug|Any CPU
		{AB80F745-E7FF-1817-8507-934D760C0CBE}.Release|Any CPU.ActiveCfg = Release|Any CPU
		{AB80F745-E7FF-1817-8507-934D760C0CBE}.Release|Any CPU.Build.0 = Release|Any CPU
		{BEE0DBCB-54A4-04F7-B8A3-58CA54954D8F}.Debug|Any CPU.ActiveCfg = Debug|Any CPU
		{BEE0DBCB-54A4-04F7-B8A3-58CA54954D8F}.Debug|Any CPU.Build.0 = Debug|Any CPU
		{BEE0DBCB-54A4-04F7-B8A3-58CA54954D8F}.Debug|Any CPU.Deploy.0 = Debug|Any CPU
		{BEE0DBCB-54A4-04F7-B8A3-58CA54954D8F}.Release|Any CPU.ActiveCfg = Release|Any CPU
		{BEE0DBCB-54A4-04F7-B8A3-58CA54954D8F}.Release|Any CPU.Build.0 = Release|Any CPU
		{BEE0DBCB-54A4-04F7-B8A3-58CA54954D8F}.Release|Any CPU.Deploy.0 = Release|Any CPU
	EndGlobalSection
	GlobalSection(SolutionProperties) = preSolution
		HideSolutionNode = FALSE
	EndGlobalSection
	GlobalSection(ExtensibilityGlobals) = postSolution
		SolutionGuid = {B0E7BB38-28B0-4122-B591-6150E667B946}
	EndGlobalSection
EndGlobal
